<?xml version="1.0" encoding="utf-8"?>
<Project ToolsVersion="4.0" xmlns="http://schemas.microsoft.com/developer/msbuild/2003">
  <ItemGroup>
    <Filter Include="Source Files">
      <UniqueIdentifier>{4FC737F1-C7A5-4376-A066-2A32D752A2FF}</UniqueIdentifier>
      <Extensions>cpp;c;cc;cxx;def;odl;idl;hpj;bat;asm;asmx</Extensions>
    </Filter>
    <Filter Include="Header Files">
      <UniqueIdentifier>{93995380-89BD-4b04-88EB-625FBE52EBFB}</UniqueIdentifier>
      <Extensions>h;hh;hpp;hxx;hm;inl;inc;xsd</Extensions>
    </Filter>
    <Filter Include="Resource Files">
      <UniqueIdentifier>{67DA6AB6-F800-4c08-8B7A-83BB121AAD01}</UniqueIdentifier>
      <Extensions>rc;ico;cur;bmp;dlg;rc2;rct;bin;rgs;gif;jpg;jpeg;jpe;resx;tiff;tif;png;wav;mfcribbon-ms</Extensions>
    </Filter>
    <Filter Include="Source Files\ThirdParty">
      <UniqueIdentifier>{ff4e8fec-e237-4de0-9e9e-b0d4782eb2ea}</UniqueIdentifier>
    </Filter>
    <Filter Include="Source Files\Helper">
      <UniqueIdentifier>{1566e3f3-1c82-4069-a4f1-9af2639f6918}</UniqueIdentifier>
    </Filter>
  </ItemGroup>
  <ItemGroup>
    <ClCompile Include="Source\HelperShader.cpp">
      <Filter>Source Files</Filter>
    </ClCompile>
    <ClCompile Include="Source\main.cpp">
      <Filter>Source Files</Filter>
    </ClCompile>
    <ClCompile Include="Source\TriangleTest.cpp">
      <Filter>Source Files</Filter>
    </ClCompile>
    <ClCompile Include="Source\TextureMaping.cpp">
      <Filter>Source Files</Filter>
    </ClCompile>
    <ClCompile Include="Source\ColoredTriangle.cpp">
      <Filter>Source Files</Filter>
    </ClCompile>
    <ClCompile Include="Source\MVPTest.cpp">
      <Filter>Source Files</Filter>
    </ClCompile>
    <ClCompile Include="Helper\MathHelper.cpp">
      <Filter>Source Files\Helper</Filter>
    </ClCompile>
    <ClCompile Include="Source\ModelLoadingTest.cpp">
      <Filter>Source Files</Filter>
    </ClCompile>
    <ClCompile Include="Source\ThirdParty\tiny_obj_loader.cc">
      <Filter>Source Files\ThirdParty</Filter>
    </ClCompile>
    <ClCompile Include="Source\TessellationTest.cpp">
      <Filter>Source Files</Filter>
    </ClCompile>
    <ClCompile Include="Source\GeometryShaderSample.cpp">
      <Filter>Source Files</Filter>
    </ClCompile>
    <ClCompile Include="Source\GeometryShaderCircleTest.cpp">
      <Filter>Source Files</Filter>
    </ClCompile>
    <ClCompile Include="Source\GeometryShaderModelExplodingTest.cpp">
      <Filter>Source Files</Filter>
    </ClCompile>
    <ClCompile Include="Helper\Camera.cpp">
      <Filter>Source Files\Helper</Filter>
    </ClCompile>
    <ClCompile Include="Source\AmbientLightingTest.cpp">
      <Filter>Source Files</Filter>
    </ClCompile>
    <ClCompile Include="Source\DiffuseLightingTest.cpp">
      <Filter>Source Files</Filter>
    </ClCompile>
    <ClCompile Include="Source\SpecularLightingTest.cpp">
      <Filter>Source Files</Filter>
    </ClCompile>
    <ClCompile Include="Helper\MyCamera.cpp">
      <Filter>Source Files</Filter>
    </ClCompile>
    <ClCompile Include="Helper\Util.cpp">
      <Filter>Source Files\Helper</Filter>
    </ClCompile>
    <ClCompile Include="Source\PhongLighting.cpp">
      <Filter>Source Files</Filter>
    </ClCompile>
    <ClCompile Include="Source\MeshRenderer.cpp">
      <Filter>Source Files</Filter>
    </ClCompile>
    <ClCompile Include="Source\Material.cpp">
      <Filter>Source Files</Filter>
    </ClCompile>
  </ItemGroup>
  <ItemGroup>
    <ClInclude Include="Source\HelperShader.h">
      <Filter>Source Files</Filter>
    </ClInclude>
    <ClInclude Include="Source\BlankTest.h">
      <Filter>Source Files</Filter>
    </ClInclude>
    <ClInclude Include="Source\TriangleTest.h">
      <Filter>Source Files</Filter>
    </ClInclude>
    <ClInclude Include="Source\TextureMaping.h">
      <Filter>Source Files</Filter>
    </ClInclude>
    <ClInclude Include="Source\ThirdParty\SOIL.h">
      <Filter>Source Files\ThirdParty</Filter>
    </ClInclude>
    <ClInclude Include="Source\ColoredTriangle.h">
      <Filter>Source Files</Filter>
    </ClInclude>
    <ClInclude Include="Source\MVPTest.h">
      <Filter>Source Files</Filter>
    </ClInclude>
    <ClInclude Include="Helper\MathHelper.h">
      <Filter>Source Files\Helper</Filter>
    </ClInclude>
    <ClInclude Include="Source\ModelLoadingTest.h">
      <Filter>Source Files</Filter>
    </ClInclude>
    <ClInclude Include="Source\ThirdParty\tiny_obj_loader.h">
      <Filter>Source Files\ThirdParty</Filter>
    </ClInclude>
    <ClInclude Include="Source\TessellationTest.h">
      <Filter>Source Files</Filter>
    </ClInclude>
    <ClInclude Include="Source\GeometryShaderSample.h">
      <Filter>Source Files</Filter>
    </ClInclude>
    <ClInclude Include="Source\GeometryShaderCircleTest.h">
      <Filter>Source Files</Filter>
    </ClInclude>
    <ClInclude Include="Source\GeometryShaderModelExplodingTest.h">
      <Filter>Source Files</Filter>
    </ClInclude>
    <ClInclude Include="Helper\Camera.h">
      <Filter>Source Files\Helper</Filter>
    </ClInclude>
    <ClInclude Include="Source\AmbientLightingTest.h">
      <Filter>Source Files</Filter>
    </ClInclude>
    <ClInclude Include="Source\DiffuseLightingTest.h">
      <Filter>Source Files</Filter>
    </ClInclude>
    <ClInclude Include="Source\SpecularLightingTest.h">
      <Filter>Source Files</Filter>
    </ClInclude>
    <ClInclude Include="Helper\MyCamera.h">
      <Filter>Header Files</Filter>
    </ClInclude>
    <ClInclude Include="Source\Config.h">
      <Filter>Header Files</Filter>
    </ClInclude>
    <ClInclude Include="Helper\Util.h">
      <Filter>Source Files\Helper</Filter>
    </ClInclude>
    <ClInclude Include="Source\PhongLighting.h">
      <Filter>Source Files</Filter>
    </ClInclude>
    <ClInclude Include="Source\MeshRenderer.h">
      <Filter>Source Files</Filter>
    </ClInclude>
    <ClInclude Include="Source\Material.h">
      <Filter>Source Files</Filter>
    </ClInclude>
    <ClInclude Include="Source\GeometryData.h">
      <Filter>Source Files</Filter>
    </ClInclude>
  </ItemGroup>
</Project>